PODS:
  - Amplify (1.29.2):
    - Amplify/Default (= 1.29.2)
  - Amplify/Default (1.29.2)
  - amplify_auth_cognito_ios (0.0.1):
    - Amplify (= 1.29.2)
    - amplify_flutter_ios
    - Flutter
  - amplify_flutter_ios (0.0.1):
    - Amplify (= 1.29.2)
    - AWSPluginsCore (= 1.29.2)
    - Flutter
  - amplify_secure_storage (0.0.1):
    - Flutter
  - Amplitude (8.16.3):
    - AnalyticsConnector (~> 1.0.0)
  - Analytics (4.1.6)
  - AnalyticsConnector (1.0.1)
  - AppsFlyerFramework (6.9.1):
    - AppsFlyerFramework/Main (= 6.9.1)
  - AppsFlyerFramework/Main (6.9.1)
  - AWSCore (2.30.4)
  - AWSPluginsCore (1.29.2):
    - Amplify (= 1.29.2)
    - AWSCore (~> 2.30.1)
  - connectivity_plus (0.0.1):
    - Flutter
    - ReachabilitySwift
  - device_info_plus (0.0.1):
    - Flutter
  - Flutter (1.0.0)
  - flutter_native_splash (0.0.1):
    - Flutter
  - flutter_secure_storage (6.0.0):
    - Flutter
  - flutter_segment (3.12.1):
    - Analytics (= 4.1.6)
    - Flutter
    - Segment-Amplitude (= 3.3.2)
    - segment-appsflyer-ios (= 6.9.1)
  - fluttertoast (0.0.2):
    - Flutter
    - Toast
  - FMDB (2.7.5):
    - FMDB/standard (= 2.7.5)
  - FMDB/standard (2.7.5)
  - package_info_plus (0.4.5):
    - Flutter
  - path_provider_foundation (0.0.1):
    - Flutter
    - FlutterMacOS
  - permission_handler_apple (9.0.4):
    - Flutter
  - ReachabilitySwift (5.0.0)
  - Segment-Amplitude (3.3.2):
    - Amplitude (~> 8.3)
    - Analytics
  - segment-appsflyer-ios (6.9.1):
    - Analytics
    - segment-appsflyer-ios/Main (= 6.9.1)
  - segment-appsflyer-ios/Main (6.9.1):
    - Analytics
    - AppsFlyerFramework (= 6.9.1)
  - sound_stream (0.0.1):
    - Flutter
  - sqflite (0.0.2):
    - Flutter
    - FMDB (>= 2.7.5)
  - Toast (4.0.0)
  - url_launcher_ios (0.0.1):
    - Flutter

DEPENDENCIES:
  - amplify_auth_cognito_ios (from `.symlinks/plugins/amplify_auth_cognito_ios/ios`)
  - amplify_flutter_ios (from `.symlinks/plugins/amplify_flutter_ios/ios`)
  - amplify_secure_storage (from `.symlinks/plugins/amplify_secure_storage/ios`)
  - connectivity_plus (from `.symlinks/plugins/connectivity_plus/ios`)
  - device_info_plus (from `.symlinks/plugins/device_info_plus/ios`)
  - Flutter (from `Flutter`)
  - flutter_native_splash (from `.symlinks/plugins/flutter_native_splash/ios`)
  - flutter_secure_storage (from `.symlinks/plugins/flutter_secure_storage/ios`)
  - flutter_segment (from `.symlinks/plugins/flutter_segment/ios`)
  - fluttertoast (from `.symlinks/plugins/fluttertoast/ios`)
  - package_info_plus (from `.symlinks/plugins/package_info_plus/ios`)
  - path_provider_foundation (from `.symlinks/plugins/path_provider_foundation/darwin`)
  - permission_handler_apple (from `.symlinks/plugins/permission_handler_apple/ios`)
  - sound_stream (from `.symlinks/plugins/sound_stream/ios`)
  - sqflite (from `.symlinks/plugins/sqflite/ios`)
  - url_launcher_ios (from `.symlinks/plugins/url_launcher_ios/ios`)

SPEC REPOS:
  trunk:
    - Amplify
    - Amplitude
    - Analytics
    - AnalyticsConnector
    - AppsFlyerFramework
    - AWSCore
    - AWSPluginsCore
    - FMDB
    - ReachabilitySwift
    - Segment-Amplitude
    - segment-appsflyer-ios
    - Toast

EXTERNAL SOURCES:
  amplify_auth_cognito_ios:
    :path: ".symlinks/plugins/amplify_auth_cognito_ios/ios"
  amplify_flutter_ios:
    :path: ".symlinks/plugins/amplify_flutter_ios/ios"
  amplify_secure_storage:
    :path: ".symlinks/plugins/amplify_secure_storage/ios"
  connectivity_plus:
    :path: ".symlinks/plugins/connectivity_plus/ios"
  device_info_plus:
    :path: ".symlinks/plugins/device_info_plus/ios"
  Flutter:
    :path: Flutter
  flutter_native_splash:
    :path: ".symlinks/plugins/flutter_native_splash/ios"
  flutter_secure_storage:
    :path: ".symlinks/plugins/flutter_secure_storage/ios"
  flutter_segment:
    :path: ".symlinks/plugins/flutter_segment/ios"
  fluttertoast:
    :path: ".symlinks/plugins/fluttertoast/ios"
  package_info_plus:
    :path: ".symlinks/plugins/package_info_plus/ios"
  path_provider_foundation:
    :path: ".symlinks/plugins/path_provider_foundation/darwin"
  permission_handler_apple:
    :path: ".symlinks/plugins/permission_handler_apple/ios"
  sound_stream:
    :path: ".symlinks/plugins/sound_stream/ios"
  sqflite:
    :path: ".symlinks/plugins/sqflite/ios"
  url_launcher_ios:
    :path: ".symlinks/plugins/url_launcher_ios/ios"

SPEC CHECKSUMS:
  Amplify: 955400b4b5f29832357f682e15c659d049028306
  amplify_auth_cognito_ios: 34fde9ef483cc1a822086d70b6b3dc29e4dd8fba
  amplify_flutter_ios: 9da0b5e66278d761b28a6df6af4e6df4829536d9
  amplify_secure_storage: 501cbdac671a050090d48dfcc002d5637d3f4a55
  Amplitude: 10f20d4436fdcd38ddd5be1da7033fcc21f4143e
  Analytics: eefe524436f904b8bb3f8c8c3425280e43b34efc
  AnalyticsConnector: eccd7e1cd3dd18e6bd09ac2506e37d4ed43ba3f4
  AppsFlyerFramework: dc9aa675faa8e1a2ed40fb295d3c5408ee2b972a
  AWSCore: 19b8233fe2d0ed3ccf5cff833a615814282cdc90
  AWSPluginsCore: 787b6199af91f6662171cbd66ad9a876530aed50
  connectivity_plus: 413a8857dd5d9f1c399a39130850d02fe0feaf7e
  device_info_plus: e5c5da33f982a436e103237c0c85f9031142abed
  Flutter: f04841e97a9d0b0a8025694d0796dd46242b2854
  flutter_native_splash: 52501b97d1c0a5f898d687f1646226c1f93c56ef
  flutter_secure_storage: 23fc622d89d073675f2eaa109381aefbcf5a49be
  flutter_segment: 8ee2a7ab438ea47f6b5eddcadd6c2c91159dffa5
  fluttertoast: fafc4fa4d01a6a9e4f772ecd190ffa525e9e2d9c
  FMDB: 2ce00b547f966261cd18927a3ddb07cb6f3db82a
  package_info_plus: 6c92f08e1f853dc01228d6f553146438dafcd14e
  path_provider_foundation: c68054786f1b4f3343858c1e1d0caaded73f0be9
  permission_handler_apple: 44366e37eaf29454a1e7b1b7d736c2cceaeb17ce
  ReachabilitySwift: 985039c6f7b23a1da463388634119492ff86c825
  Segment-Amplitude: 6c1e59c8c278a21029ba7a6a788fcb31b9233a2c
  segment-appsflyer-ios: ddaa1da2fb63480a4766a68032f0011f4fd771a1
  sound_stream: eba0f2a5994b91d9e5009a739df6e98515a7b44f
  sqflite: 6d358c025f5b867b29ed92fc697fd34924e11904
  Toast: 91b396c56ee72a5790816f40d3a94dd357abc196
  url_launcher_ios: 08a3dfac5fb39e8759aeb0abbd5d9480f30fc8b4

PODFILE CHECKSUM: 4242b69e9a38ea77a2c3dd26617b19effbd8763f

COCOAPODS: 1.12.0
